
Microsoft Visual Studio Solution File, Format Version 12.00
# Visual Studio Version 17
VisualStudioVersion = 17.8.34330.188
MinimumVisualStudioVersion = 10.0.40219.1
Project("{9A19103F-16F7-4668-BE54-9A1E7A4F7556}") = "GoldenGui.CryptoBot.Functions", "src\GoldenGui.CryptoBot.Functions\GoldenGui.CryptoBot.Functions.csproj", "{AFFB3BAC-3031-40EF-9829-4887C256A0CC}"
EndProject
Project("{2150E333-8FDC-42A3-9474-1A3956D46DE8}") = "Éléments de solution", "Éléments de solution", "{0A214EE6-D72E-4AFC-8D23-E4EBDE782973}"
	ProjectSection(SolutionItems) = preProject
		.gitattributes = .gitattributes
		.gitignore = .gitignore
		README.md = README.md
	EndProjectSection
EndProject
Global
	GlobalSection(SolutionConfigurationPlatforms) = preSolution
		Debug|Any CPU = Debug|Any CPU
		Release|Any CPU = Release|Any CPU
	EndGlobalSection
	GlobalSection(ProjectConfigurationPlatforms) = postSolution
		{AFFB3BAC-3031-40EF-9829-4887C256A0CC}.Debug|Any CPU.ActiveCfg = Debug|Any CPU
		{AFFB3BAC-3031-40EF-9829-4887C256A0CC}.Debug|Any CPU.Build.0 = Debug|Any CPU
		{AFFB3BAC-3031-40EF-9829-4887C256A0CC}.Release|Any CPU.ActiveCfg = Release|Any CPU
		{AFFB3BAC-3031-40EF-9829-4887C256A0CC}.Release|Any CPU.Build.0 = Release|Any CPU
	EndGlobalSection
	GlobalSection(SolutionProperties) = preSolution
		HideSolutionNode = FALSE
	EndGlobalSection
	GlobalSection(ExtensibilityGlobals) = postSolution
		SolutionGuid = {282A891E-7B5D-4EEE-80A5-7097E584F84A}
	EndGlobalSection
EndGlobal
